
Microsoft Visual Studio Solution File, Format Version 12.00
# Visual Studio Version 17
VisualStudioVersion = 17.1.32328.378
MinimumVisualStudioVersion = 10.0.40219.1
Project("{9A19103F-16F7-4668-BE54-9A1E7A4F7556}") = "SimpleTLSTunnelServer", "SimpleTLSTunnelServer\SimpleTLSTunnelServer.csproj", "{FE12B303-EF4E-437A-AA0D-3AF3701787A5}"
EndProject
Project("{9A19103F-16F7-4668-BE54-9A1E7A4F7556}") = "SimpleTLSTunnelClient", "SimpleTLSTunnelClient\SimpleTLSTunnelClient.csproj", "{B000FC8C-52E3-4AE1-BC62-4E9EC82AF330}"
EndProject
Global
	GlobalSection(SolutionConfigurationPlatforms) = preSolution
		Debug|Any CPU = Debug|Any CPU
		Release|Any CPU = Release|Any CPU
	EndGlobalSection
	GlobalSection(ProjectConfigurationPlatforms) = postSolution
		{FE12B303-EF4E-437A-AA0D-3AF3701787A5}.Debug|Any CPU.ActiveCfg = Debug|Any CPU
		{FE12B303-EF4E-437A-AA0D-3AF3701787A5}.Debug|Any CPU.Build.0 = Debug|Any CPU
		{FE12B303-EF4E-437A-AA0D-3AF3701787A5}.Release|Any CPU.ActiveCfg = Release|Any CPU
		{FE12B303-EF4E-437A-AA0D-3AF3701787A5}.Release|Any CPU.Build.0 = Release|Any CPU
		{B000FC8C-52E3-4AE1-BC62-4E9EC82AF330}.Debug|Any CPU.ActiveCfg = Debug|Any CPU
		{B000FC8C-52E3-4AE1-BC62-4E9EC82AF330}.Debug|Any CPU.Build.0 = Debug|Any CPU
		{B000FC8C-52E3-4AE1-BC62-4E9EC82AF330}.Release|Any CPU.ActiveCfg = Release|Any CPU
		{B000FC8C-52E3-4AE1-BC62-4E9EC82AF330}.Release|Any CPU.Build.0 = Release|Any CPU
	EndGlobalSection
	GlobalSection(SolutionProperties) = preSolution
		HideSolutionNode = FALSE
	EndGlobalSection
	GlobalSection(ExtensibilityGlobals) = postSolution
		SolutionGuid = {683D0109-50A7-433D-BA00-B39B9453DD28}
	EndGlobalSection
EndGlobal
